
Microsoft Visual Studio Solution File, Format Version 12.00
# Visual Studio Version 16
VisualStudioVersion = 16.0.32126.315
MinimumVisualStudioVersion = 10.0.40219.1
Project("{FAE04EC0-301F-11D3-BF4B-00C04F79EFBC}") = "Task4", "Task4\Task4.csproj", "{127B0E37-70BF-4038-84F0-C3DB39F0D568}"
EndProject
Global
	GlobalSection(SolutionConfigurationPlatforms) = preSolution
		Debug|Any CPU = Debug|Any CPU
		Release|Any CPU = Release|Any CPU
	EndGlobalSection
	GlobalSection(ProjectConfigurationPlatforms) = postSolution
		{127B0E37-70BF-4038-84F0-C3DB39F0D568}.Debug|Any CPU.ActiveCfg = Debug|Any CPU
		{127B0E37-70BF-4038-84F0-C3DB39F0D568}.Debug|Any CPU.Build.0 = Debug|Any CPU
		{127B0E37-70BF-4038-84F0-C3DB39F0D568}.Release|Any CPU.ActiveCfg = Release|Any CPU
		{127B0E37-70BF-4038-84F0-C3DB39F0D568}.Release|Any CPU.Build.0 = Release|Any CPU
	EndGlobalSection
	GlobalSection(SolutionProperties) = preSolution
		HideSolutionNode = FALSE
	EndGlobalSection
	GlobalSection(ExtensibilityGlobals) = postSolution
		SolutionGuid = {76DAAE4D-D0D0-4466-BBFF-235586FF25E1}
	EndGlobalSection
EndGlobal
